
Microsoft Visual Studio Solution File, Format Version 12.00
# Visual Studio Version 17
VisualStudioVersion = 17.7.34018.315
MinimumVisualStudioVersion = 10.0.40219.1
Project("{9A19103F-16F7-4668-BE54-9A1E7A4F7556}") = "AspNet_MVC_SPD115", "AspNet_MVC_SPD115\AspNet_MVC_SPD115.csproj", "{BD820A43-FDAA-4DF0-940D-ABEF5F2BDE09}"
EndProject
Project("{FAE04EC0-301F-11D3-BF4B-00C04F79EFBC}") = "DataAccess", "DataAccess\DataAccess.csproj", "{061FFB6F-5CD9-4328-A959-FF3CF21178E5}"
EndProject
Global
	GlobalSection(SolutionConfigurationPlatforms) = preSolution
		Debug|Any CPU = Debug|Any CPU
		Release|Any CPU = Release|Any CPU
	EndGlobalSection
	GlobalSection(ProjectConfigurationPlatforms) = postSolution
		{BD820A43-FDAA-4DF0-940D-ABEF5F2BDE09}.Debug|Any CPU.ActiveCfg = Debug|Any CPU
		{BD820A43-FDAA-4DF0-940D-ABEF5F2BDE09}.Debug|Any CPU.Build.0 = Debug|Any CPU
		{BD820A43-FDAA-4DF0-940D-ABEF5F2BDE09}.Release|Any CPU.ActiveCfg = Release|Any CPU
		{BD820A43-FDAA-4DF0-940D-ABEF5F2BDE09}.Release|Any CPU.Build.0 = Release|Any CPU
		{061FFB6F-5CD9-4328-A959-FF3CF21178E5}.Debug|Any CPU.ActiveCfg = Debug|Any CPU
		{061FFB6F-5CD9-4328-A959-FF3CF21178E5}.Debug|Any CPU.Build.0 = Debug|Any CPU
		{061FFB6F-5CD9-4328-A959-FF3CF21178E5}.Release|Any CPU.ActiveCfg = Release|Any CPU
		{061FFB6F-5CD9-4328-A959-FF3CF21178E5}.Release|Any CPU.Build.0 = Release|Any CPU
	EndGlobalSection
	GlobalSection(SolutionProperties) = preSolution
		HideSolutionNode = FALSE
	EndGlobalSection
	GlobalSection(ExtensibilityGlobals) = postSolution
		SolutionGuid = {E8CD012E-A981-4DB0-8313-688069EE01AD}
	EndGlobalSection
EndGlobal
